PODS:
  - Flutter (1.0.0)
  - flutter_native_app_state (0.0.1):
    - Flutter

DEPENDENCIES:
  - Flutter (from `Flutter`)
  - flutter_native_app_state (from `.symlinks/plugins/flutter_native_app_state/ios`)

EXTERNAL SOURCES:
  Flutter:
    :path: Flutter
  flutter_native_app_state:
    :path: ".symlinks/plugins/flutter_native_app_state/ios"

SPEC CHECKSUMS:
  Flutter: 0e3d915762c693b495b44d77113d4970485de6ec
  flutter_native_app_state: 765755b9f587ae4c6741e5e1c4edc107985a16f5

PODFILE CHECKSUM: c34e2287a9ccaa606aeceab922830efb9a6ff69a

COCOAPODS: 1.9.1
